{
  "name": "docdown",
  "version": "0.7.2",
  "lockfileVersion": 1,
  "dependencies": {
    "doctrine": {
      "version": "2.0.0",
      "resolved": "https://registry.npmjs.org/doctrine/-/doctrine-2.0.0.tgz",
      "integrity": "sha1-xz2NKQnSIpHhoAejlYBNqLZl/mM="
    },
    "esutils": {
      "version": "2.0.2",
      "resolved": "https://registry.npmjs.org/esutils/-/esutils-2.0.2.tgz",
      "integrity": "sha1-Cr9PHKpbyx96nYrMbepPqqBLrJs="
    },
    "isarray": {
      "version": "1.0.0",
      "resolved": "https://registry.npmjs.org/isarray/-/isarray-1.0.0.tgz",
      "integrity": "sha1-u5NdSFgsuhaMBoNJV6VKPgcSTxE="
    },
    "lodash": {
      "version": "4.17.4",
      "resolved": "https://registry.npmjs.org/lodash/-/lodash-4.17.4.tgz",
      "integrity": "sha1-eCA6TRwyiuHYbcpkYONptX9AVa4="
    }
  }
}
